
Microsoft Visual Studio Solution File, Format Version 12.00
# Visual Studio Version 17
VisualStudioVersion = 17.0.31912.275
MinimumVisualStudioVersion = 10.0.40219.1
Project("{9A19103F-16F7-4668-BE54-9A1E7A4F7556}") = "AsyncMapper", "src\AsyncMapper\AsyncMapper.csproj", "{8CA5E710-6F64-4266-BD87-B3A7AF472CC1}"
EndProject
Project("{9A19103F-16F7-4668-BE54-9A1E7A4F7556}") = "AsyncMapper.Examples", "src\AsyncMapper.Examples\AsyncMapper.Examples.csproj", "{C1793919-7FF4-46E9-8CEB-7FBCEDDFB03D}"
EndProject
Project("{9A19103F-16F7-4668-BE54-9A1E7A4F7556}") = "AsyncMapper.UnitTests", "src\AsyncMapper.UnitTests\AsyncMapper.UnitTests.csproj", "{54FF1CA7-804B-4EFC-8183-2636537ED218}"
EndProject
Project("{FAE04EC0-301F-11D3-BF4B-00C04F79EFBC}") = "AsyncMapper.Extensions.Microsoft.DependencyInjection", "src\AsyncMapper.Extensions.Microsoft.DependencyInjection\AsyncMapper.Extensions.Microsoft.DependencyInjection.csproj", "{EB78F1A0-86A1-464F-A760-5621A0FC1C8F}"
EndProject
Global
	GlobalSection(SolutionConfigurationPlatforms) = preSolution
		Debug|Any CPU = Debug|Any CPU
		Release|Any CPU = Release|Any CPU
	EndGlobalSection
	GlobalSection(ProjectConfigurationPlatforms) = postSolution
		{8CA5E710-6F64-4266-BD87-B3A7AF472CC1}.Debug|Any CPU.ActiveCfg = Debug|Any CPU
		{8CA5E710-6F64-4266-BD87-B3A7AF472CC1}.Debug|Any CPU.Build.0 = Debug|Any CPU
		{8CA5E710-6F64-4266-BD87-B3A7AF472CC1}.Release|Any CPU.ActiveCfg = Release|Any CPU
		{8CA5E710-6F64-4266-BD87-B3A7AF472CC1}.Release|Any CPU.Build.0 = Release|Any CPU
		{C1793919-7FF4-46E9-8CEB-7FBCEDDFB03D}.Debug|Any CPU.ActiveCfg = Debug|Any CPU
		{C1793919-7FF4-46E9-8CEB-7FBCEDDFB03D}.Debug|Any CPU.Build.0 = Debug|Any CPU
		{C1793919-7FF4-46E9-8CEB-7FBCEDDFB03D}.Release|Any CPU.ActiveCfg = Release|Any CPU
		{C1793919-7FF4-46E9-8CEB-7FBCEDDFB03D}.Release|Any CPU.Build.0 = Release|Any CPU
		{54FF1CA7-804B-4EFC-8183-2636537ED218}.Debug|Any CPU.ActiveCfg = Debug|Any CPU
		{54FF1CA7-804B-4EFC-8183-2636537ED218}.Debug|Any CPU.Build.0 = Debug|Any CPU
		{54FF1CA7-804B-4EFC-8183-2636537ED218}.Release|Any CPU.ActiveCfg = Release|Any CPU
		{54FF1CA7-804B-4EFC-8183-2636537ED218}.Release|Any CPU.Build.0 = Release|Any CPU
		{EB78F1A0-86A1-464F-A760-5621A0FC1C8F}.Debug|Any CPU.ActiveCfg = Debug|Any CPU
		{EB78F1A0-86A1-464F-A760-5621A0FC1C8F}.Debug|Any CPU.Build.0 = Debug|Any CPU
		{EB78F1A0-86A1-464F-A760-5621A0FC1C8F}.Release|Any CPU.ActiveCfg = Release|Any CPU
		{EB78F1A0-86A1-464F-A760-5621A0FC1C8F}.Release|Any CPU.Build.0 = Release|Any CPU
	EndGlobalSection
	GlobalSection(SolutionProperties) = preSolution
		HideSolutionNode = FALSE
	EndGlobalSection
	GlobalSection(ExtensibilityGlobals) = postSolution
		SolutionGuid = {30D4EE8F-B36F-4025-8D2D-AA87E7DE6E96}
	EndGlobalSection
EndGlobal
